
Microsoft Visual Studio Solution File, Format Version 12.00
# Visual Studio Version 17
VisualStudioVersion = 17.7.34221.43
MinimumVisualStudioVersion = 10.0.40219.1
Project("{8BC9CEB8-8B4A-11D0-8D11-00A0C91BC942}") = "水仙花数", "水仙花数.vcxproj", "{71FA1891-1EA0-499C-BFE8-E1C7DA9AFC32}"
EndProject
Global
	GlobalSection(SolutionConfigurationPlatforms) = preSolution
		Debug|x64 = Debug|x64
		Debug|x86 = Debug|x86
		Release|x64 = Release|x64
		Release|x86 = Release|x86
	EndGlobalSection
	GlobalSection(ProjectConfigurationPlatforms) = postSolution
		{71FA1891-1EA0-499C-BFE8-E1C7DA9AFC32}.Debug|x64.ActiveCfg = Debug|x64
		{71FA1891-1EA0-499C-BFE8-E1C7DA9AFC32}.Debug|x64.Build.0 = Debug|x64
		{71FA1891-1EA0-499C-BFE8-E1C7DA9AFC32}.Debug|x86.ActiveCfg = Debug|Win32
		{71FA1891-1EA0-499C-BFE8-E1C7DA9AFC32}.Debug|x86.Build.0 = Debug|Win32
		{71FA1891-1EA0-499C-BFE8-E1C7DA9AFC32}.Release|x64.ActiveCfg = Release|x64
		{71FA1891-1EA0-499C-BFE8-E1C7DA9AFC32}.Release|x64.Build.0 = Release|x64
		{71FA1891-1EA0-499C-BFE8-E1C7DA9AFC32}.Release|x86.ActiveCfg = Release|Win32
		{71FA1891-1EA0-499C-BFE8-E1C7DA9AFC32}.Release|x86.Build.0 = Release|Win32
	EndGlobalSection
	GlobalSection(SolutionProperties) = preSolution
		HideSolutionNode = FALSE
	EndGlobalSection
	GlobalSection(ExtensibilityGlobals) = postSolution
		SolutionGuid = {44D7E557-47BC-4332-900A-DF5A341294B0}
	EndGlobalSection
EndGlobal
