
Microsoft Visual Studio Solution File, Format Version 12.00
# Visual Studio Version 17
VisualStudioVersion = 17.7.34009.444
MinimumVisualStudioVersion = 10.0.40219.1
Project("{8BC9CEB8-8B4A-11D0-8D11-00A0C91BC942}") = "冒泡排序算法", "冒泡排序算法.vcxproj", "{D96D161A-0105-43ED-9290-1B671DE78757}"
EndProject
Global
	GlobalSection(SolutionConfigurationPlatforms) = preSolution
		Debug|x64 = Debug|x64
		Debug|x86 = Debug|x86
		Release|x64 = Release|x64
		Release|x86 = Release|x86
	EndGlobalSection
	GlobalSection(ProjectConfigurationPlatforms) = postSolution
		{D96D161A-0105-43ED-9290-1B671DE78757}.Debug|x64.ActiveCfg = Debug|x64
		{D96D161A-0105-43ED-9290-1B671DE78757}.Debug|x64.Build.0 = Debug|x64
		{D96D161A-0105-43ED-9290-1B671DE78757}.Debug|x86.ActiveCfg = Debug|Win32
		{D96D161A-0105-43ED-9290-1B671DE78757}.Debug|x86.Build.0 = Debug|Win32
		{D96D161A-0105-43ED-9290-1B671DE78757}.Release|x64.ActiveCfg = Release|x64
		{D96D161A-0105-43ED-9290-1B671DE78757}.Release|x64.Build.0 = Release|x64
		{D96D161A-0105-43ED-9290-1B671DE78757}.Release|x86.ActiveCfg = Release|Win32
		{D96D161A-0105-43ED-9290-1B671DE78757}.Release|x86.Build.0 = Release|Win32
	EndGlobalSection
	GlobalSection(SolutionProperties) = preSolution
		HideSolutionNode = FALSE
	EndGlobalSection
	GlobalSection(ExtensibilityGlobals) = postSolution
		SolutionGuid = {903E5DBD-D674-4086-B3BE-AFD043E34684}
	EndGlobalSection
EndGlobal
