
Microsoft Visual Studio Solution File, Format Version 12.00
# Visual Studio Version 17
VisualStudioVersion = 17.7.34009.444
MinimumVisualStudioVersion = 10.0.40219.1
Project("{8BC9CEB8-8B4A-11D0-8D11-00A0C91BC942}") = "闰年判断输出", "闰年判断输出.vcxproj", "{C32465F2-6E5F-42F0-BBA8-E39DE81D18DB}"
EndProject
Global
	GlobalSection(SolutionConfigurationPlatforms) = preSolution
		Debug|x64 = Debug|x64
		Debug|x86 = Debug|x86
		Release|x64 = Release|x64
		Release|x86 = Release|x86
	EndGlobalSection
	GlobalSection(ProjectConfigurationPlatforms) = postSolution
		{C32465F2-6E5F-42F0-BBA8-E39DE81D18DB}.Debug|x64.ActiveCfg = Debug|x64
		{C32465F2-6E5F-42F0-BBA8-E39DE81D18DB}.Debug|x64.Build.0 = Debug|x64
		{C32465F2-6E5F-42F0-BBA8-E39DE81D18DB}.Debug|x86.ActiveCfg = Debug|Win32
		{C32465F2-6E5F-42F0-BBA8-E39DE81D18DB}.Debug|x86.Build.0 = Debug|Win32
		{C32465F2-6E5F-42F0-BBA8-E39DE81D18DB}.Release|x64.ActiveCfg = Release|x64
		{C32465F2-6E5F-42F0-BBA8-E39DE81D18DB}.Release|x64.Build.0 = Release|x64
		{C32465F2-6E5F-42F0-BBA8-E39DE81D18DB}.Release|x86.ActiveCfg = Release|Win32
		{C32465F2-6E5F-42F0-BBA8-E39DE81D18DB}.Release|x86.Build.0 = Release|Win32
	EndGlobalSection
	GlobalSection(SolutionProperties) = preSolution
		HideSolutionNode = FALSE
	EndGlobalSection
	GlobalSection(ExtensibilityGlobals) = postSolution
		SolutionGuid = {FBCA45A7-A3C4-45AC-BC14-8D6C4F499076}
	EndGlobalSection
EndGlobal
